// !$*UTF8*$!
{
	archiveVersion = 1;
	classes = {
	};
	objectVersion = 46;
	objects = {

/* Begin PBXBuildFile section */
		FAFBD9DF16F7DAE40049D0C9 /* UIKit.framework in Frameworks */ = {isa = PBXBuildFile; fileRef = FAFBD9DE16F7DAE40049D0C9 /* UIKit.framework */; };
		FAFBD9E116F7DAE40049D0C9 /* Foundation.framework in Frameworks */ = {isa = PBXBuildFile; fileRef = FAFBD9E016F7DAE40049D0C9 /* Foundation.framework */; };
		FAFBD9E316F7DAE40049D0C9 /* CoreGraphics.framework in Frameworks */ = {isa = PBXBuildFile; fileRef = FAFBD9E216F7DAE40049D0C9 /* CoreGraphics.framework */; };
		FAFBD9E916F7DAE40049D0C9 /* InfoPlist.strings in Resources */ = {isa = PBXBuildFile; fileRef = FAFBD9E716F7DAE40049D0C9 /* InfoPlist.strings */; };
		FAFBD9EB16F7DAE40049D0C9 /* main.m in Sources */ = {isa = PBXBuildFile; fileRef = FAFBD9EA16F7DAE40049D0C9 /* main.m */; };
		FAFBD9EF16F7DAE40049D0C9 /* AppDelegate.m in Sources */ = {isa = PBXBuildFile; fileRef = FAFBD9EE16F7DAE40049D0C9 /* AppDelegate.m */; };
		FAFBD9F116F7DAE40049D0C9 /* Default.png in Resources */ = {isa = PBXBuildFile; fileRef = FAFBD9F016F7DAE40049D0C9 /* Default.png */; };
		FAFBD9F316F7DAE40049D0C9 /* Default@2x.png in Resources */ = {isa = PBXBuildFile; fileRef = FAFBD9F216F7DAE40049D0C9 /* Default@2x.png */; };
		FAFBD9F516F7DAE40049D0C9 /* Default-568h@2x.png in Resources */ = {isa = PBXBuildFile; fileRef = FAFBD9F416F7DAE40049D0C9 /* Default-568h@2x.png */; };
		FAFBD9F816F7DAE40049D0C9 /* ViewController.m in Sources */ = {isa = PBXBuildFile; fileRef = FAFBD9F716F7DAE40049D0C9 /* ViewController.m */; };
		FAFBD9FB16F7DAE40049D0C9 /* ViewController.xib in Resources */ = {isa = PBXBuildFile; fileRef = FAFBD9F916F7DAE40049D0C9 /* ViewController.xib */; };
		FAFBDA0316F7DB440049D0C9 /* SecondViewController.m in Sources */ = {isa = PBXBuildFile; fileRef = FAFBDA0216F7DB440049D0C9 /* SecondViewController.m */; };
		FAFBDA0516F7DB690049D0C9 /* SecondViewController.xib in Resources */ = {isa = PBXBuildFile; fileRef = FAFBDA0416F7DB690049D0C9 /* SecondViewController.xib */; };
/* End PBXBuildFile section */

/* Begin PBXFileReference section */
		FAFBD9DB16F7DAE40049D0C9 /* AOC2EventApp.app */ = {isa = PBXFileReference; explicitFileType = wrapper.application; includeInIndex = 0; path = AOC2EventApp.app; sourceTree = BUILT_PRODUCTS_DIR; };
		FAFBD9DE16F7DAE40049D0C9 /* UIKit.framework */ = {isa = PBXFileReference; lastKnownFileType = wrapper.framework; name = UIKit.framework; path = System/Library/Frameworks/UIKit.framework; sourceTree = SDKROOT; };
		FAFBD9E016F7DAE40049D0C9 /* Foundation.framework */ = {isa = PBXFileReference; lastKnownFileType = wrapper.framework; name = Foundation.framework; path = System/Library/Frameworks/Foundation.framework; sourceTree = SDKROOT; };
		FAFBD9E216F7DAE40049D0C9 /* CoreGraphics.framework */ = {isa = PBXFileReference; lastKnownFileType = wrapper.framework; name = CoreGraphics.framework; path = System/Library/Frameworks/CoreGraphics.framework; sourceTree = SDKROOT; };
		FAFBD9E616F7DAE40049D0C9 /* AOC2EventApp-Info.plist */ = {isa = PBXFileReference; lastKnownFileType = text.plist.xml; path = "AOC2EventApp-Info.plist"; sourceTree = "<group>"; };
		FAFBD9E816F7DAE40049D0C9 /* en */ = {isa = PBXFileReference; lastKnownFileType = text.plist.strings; name = en; path = en.lproj/InfoPlist.strings; sourceTree = "<group>"; };
		FAFBD9EA16F7DAE40049D0C9 /* main.m */ = {isa = PBXFileReference; lastKnownFileType = sourcecode.c.objc; path = main.m; sourceTree = "<group>"; };
		FAFBD9EC16F7DAE40049D0C9 /* AOC2EventApp-Prefix.pch */ = {isa = PBXFileReference; lastKnownFileType = sourcecode.c.h; path = "AOC2EventApp-Prefix.pch"; sourceTree = "<group>"; };
		FAFBD9ED16F7DAE40049D0C9 /* AppDelegate.h */ = {isa = PBXFileReference; lastKnownFileType = sourcecode.c.h; path = AppDelegate.h; sourceTree = "<group>"; };
		FAFBD9EE16F7DAE40049D0C9 /* AppDelegate.m */ = {isa = PBXFileReference; lastKnownFileType = sourcecode.c.objc; path = AppDelegate.m; sourceTree = "<group>"; };
		FAFBD9F016F7DAE40049D0C9 /* Default.png */ = {isa = PBXFileReference; lastKnownFileType = image.png; path = Default.png; sourceTree = "<group>"; };
		FAFBD9F216F7DAE40049D0C9 /* Default@2x.png */ = {isa = PBXFileReference; lastKnownFileType = image.png; path = "Default@2x.png"; sourceTree = "<group>"; };
		FAFBD9F416F7DAE40049D0C9 /* Default-568h@2x.png */ = {isa = PBXFileReference; lastKnownFileType = image.png; path = "Default-568h@2x.png"; sourceTree = "<group>"; };
		FAFBD9F616F7DAE40049D0C9 /* ViewController.h */ = {isa = PBXFileReference; lastKnownFileType = sourcecode.c.h; path = ViewController.h; sourceTree = "<group>"; };
		FAFBD9F716F7DAE40049D0C9 /* ViewController.m */ = {isa = PBXFileReference; lastKnownFileType = sourcecode.c.objc; path = ViewController.m; sourceTree = "<group>"; };
		FAFBD9FA16F7DAE40049D0C9 /* en */ = {isa = PBXFileReference; lastKnownFileType = file.xib; name = en; path = en.lproj/ViewController.xib; sourceTree = "<group>"; };
		FAFBDA0116F7DB440049D0C9 /* SecondViewController.h */ = {isa = PBXFileReference; fileEncoding = 4; lastKnownFileType = sourcecode.c.h; path = SecondViewController.h; sourceTree = "<group>"; };
		FAFBDA0216F7DB440049D0C9 /* SecondViewController.m */ = {isa = PBXFileReference; fileEncoding = 4; lastKnownFileType = sourcecode.c.objc; path = SecondViewController.m; sourceTree = "<group>"; };
		FAFBDA0416F7DB690049D0C9 /* SecondViewController.xib */ = {isa = PBXFileReference; fileEncoding = 4; lastKnownFileType = file.xib; path = SecondViewController.xib; sourceTree = "<group>"; };
/* End PBXFileReference section */

/* Begin PBXFrameworksBuildPhase section */
		FAFBD9D816F7DAE40049D0C9 /* Frameworks */ = {
			isa = PBXFrameworksBuildPhase;
			buildActionMask = 2147483647;
			files = (
				FAFBD9DF16F7DAE40049D0C9 /* UIKit.framework in Frameworks */,
				FAFBD9E116F7DAE40049D0C9 /* Foundation.framework in Frameworks */,
				FAFBD9E316F7DAE40049D0C9 /* CoreGraphics.framework in Frameworks */,
			);
			runOnlyForDeploymentPostprocessing = 0;
		};
/* End PBXFrameworksBuildPhase section */

/* Begin PBXGroup section */
		FAFBD9D216F7DAE40049D0C9 = {
			isa = PBXGroup;
			children = (
				FAFBD9E416F7DAE40049D0C9 /* AOC2EventApp */,
				FAFBD9DD16F7DAE40049D0C9 /* Frameworks */,
				FAFBD9DC16F7DAE40049D0C9 /* Products */,
			);
			sourceTree = "<group>";
		};
		FAFBD9DC16F7DAE40049D0C9 /* Products */ = {
			isa = PBXGroup;
			children = (
				FAFBD9DB16F7DAE40049D0C9 /* AOC2EventApp.app */,
			);
			name = Products;
			sourceTree = "<group>";
		};
		FAFBD9DD16F7DAE40049D0C9 /* Frameworks */ = {
			isa = PBXGroup;
			children = (
				FAFBD9DE16F7DAE40049D0C9 /* UIKit.framework */,
				FAFBD9E016F7DAE40049D0C9 /* Foundation.framework */,
				FAFBD9E216F7DAE40049D0C9 /* CoreGraphics.framework */,
			);
			name = Frameworks;
			sourceTree = "<group>";
		};
		FAFBD9E416F7DAE40049D0C9 /* AOC2EventApp */ = {
			isa = PBXGroup;
			children = (
				FAFBD9ED16F7DAE40049D0C9 /* AppDelegate.h */,
				FAFBD9EE16F7DAE40049D0C9 /* AppDelegate.m */,
				FAFBD9F616F7DAE40049D0C9 /* ViewController.h */,
				FAFBD9F716F7DAE40049D0C9 /* ViewController.m */,
				FAFBD9F916F7DAE40049D0C9 /* ViewController.xib */,
				FAFBDA0116F7DB440049D0C9 /* SecondViewController.h */,
				FAFBDA0216F7DB440049D0C9 /* SecondViewController.m */,
				FAFBDA0416F7DB690049D0C9 /* SecondViewController.xib */,
				FAFBD9E516F7DAE40049D0C9 /* Supporting Files */,
			);
			path = AOC2EventApp;
			sourceTree = "<group>";
		};
		FAFBD9E516F7DAE40049D0C9 /* Supporting Files */ = {
			isa = PBXGroup;
			children = (
				FAFBD9E616F7DAE40049D0C9 /* AOC2EventApp-Info.plist */,
				FAFBD9E716F7DAE40049D0C9 /* InfoPlist.strings */,
				FAFBD9EA16F7DAE40049D0C9 /* main.m */,
				FAFBD9EC16F7DAE40049D0C9 /* AOC2EventApp-Prefix.pch */,
				FAFBD9F016F7DAE40049D0C9 /* Default.png */,
				FAFBD9F216F7DAE40049D0C9 /* Default@2x.png */,
				FAFBD9F416F7DAE40049D0C9 /* Default-568h@2x.png */,
			);
			name = "Supporting Files";
			sourceTree = "<group>";
		};
/* End PBXGroup section */

/* Begin PBXNativeTarget section */
		FAFBD9DA16F7DAE40049D0C9 /* AOC2EventApp */ = {
			isa = PBXNativeTarget;
			buildConfigurationList = FAFBD9FE16F7DAE40049D0C9 /* Build configuration list for PBXNativeTarget "AOC2EventApp" */;
			buildPhases = (
				FAFBD9D716F7DAE40049D0C9 /* Sources */,
				FAFBD9D816F7DAE40049D0C9 /* Frameworks */,
				FAFBD9D916F7DAE40049D0C9 /* Resources */,
			);
			buildRules = (
			);
			dependencies = (
			);
			name = AOC2EventApp;
			productName = AOC2EventApp;
			productReference = FAFBD9DB16F7DAE40049D0C9 /* AOC2EventApp.app */;
			productType = "com.apple.product-type.application";
		};
/* End PBXNativeTarget section */

/* Begin PBXProject section */
		FAFBD9D316F7DAE40049D0C9 /* Project object */ = {
			isa = PBXProject;
			attributes = {
				LastUpgradeCheck = 0460;
				ORGANIZATIONNAME = "Courtney Ardis";
			};
			buildConfigurationList = FAFBD9D616F7DAE40049D0C9 /* Build configuration list for PBXProject "AOC2EventApp" */;
			compatibilityVersion = "Xcode 3.2";
			developmentRegion = English;
			hasScannedForEncodings = 0;
			knownRegions = (
				en,
			);
			mainGroup = FAFBD9D216F7DAE40049D0C9;
			productRefGroup = FAFBD9DC16F7DAE40049D0C9 /* Products */;
			projectDirPath = "";
			projectRoot = "";
			targets = (
				FAFBD9DA16F7DAE40049D0C9 /* AOC2EventApp */,
			);
		};
/* End PBXProject section */

/* Begin PBXResourcesBuildPhase section */
		FAFBD9D916F7DAE40049D0C9 /* Resources */ = {
			isa = PBXResourcesBuildPhase;
			buildActionMask = 2147483647;
			files = (
				FAFBD9E916F7DAE40049D0C9 /* InfoPlist.strings in Resources */,
				FAFBD9F116F7DAE40049D0C9 /* Default.png in Resources */,
				FAFBD9F316F7DAE40049D0C9 /* Default@2x.png in Resources */,
				FAFBD9F516F7DAE40049D0C9 /* Default-568h@2x.png in Resources */,
				FAFBD9FB16F7DAE40049D0C9 /* ViewController.xib in Resources */,
				FAFBDA0516F7DB690049D0C9 /* SecondViewController.xib in Resources */,
			);
			runOnlyForDeploymentPostprocessing = 0;
		};
/* End PBXResourcesBuildPhase section */

/* Begin PBXSourcesBuildPhase section */
		FAFBD9D716F7DAE40049D0C9 /* Sources */ = {
			isa = PBXSourcesBuildPhase;
			buildActionMask = 2147483647;
			files = (
				FAFBD9EB16F7DAE40049D0C9 /* main.m in Sources */,
				FAFBD9EF16F7DAE40049D0C9 /* AppDelegate.m in Sources */,
				FAFBD9F816F7DAE40049D0C9 /* ViewController.m in Sources */,
				FAFBDA0316F7DB440049D0C9 /* SecondViewController.m in Sources */,
			);
			runOnlyForDeploymentPostprocessing = 0;
		};
/* End PBXSourcesBuildPhase section */

/* Begin PBXVariantGroup section */
		FAFBD9E716F7DAE40049D0C9 /* InfoPlist.strings */ = {
			isa = PBXVariantGroup;
			children = (
				FAFBD9E816F7DAE40049D0C9 /* en */,
			);
			name = InfoPlist.strings;
			sourceTree = "<group>";
		};
		FAFBD9F916F7DAE40049D0C9 /* ViewController.xib */ = {
			isa = PBXVariantGroup;
			children = (
				FAFBD9FA16F7DAE40049D0C9 /* en */,
			);
			name = ViewController.xib;
			sourceTree = "<group>";
		};
/* End PBXVariantGroup section */

/* Begin XCBuildConfiguration section */
		FAFBD9FC16F7DAE40049D0C9 /* Debug */ = {
			isa = XCBuildConfiguration;
			buildSettings = {
				ALWAYS_SEARCH_USER_PATHS = NO;
				CLANG_CXX_LANGUAGE_STANDARD = "gnu++0x";
				CLANG_CXX_LIBRARY = "libc++";
				CLANG_WARN_CONSTANT_CONVERSION = YES;
				CLANG_WARN_EMPTY_BODY = YES;
				CLANG_WARN_ENUM_CONVERSION = YES;
				CLANG_WARN_INT_CONVERSION = YES;
				CLANG_WARN__DUPLICATE_METHOD_MATCH = YES;
				"CODE_SIGN_IDENTITY[sdk=iphoneos*]" = "iPhone Developer";
				COPY_PHASE_STRIP = NO;
				GCC_C_LANGUAGE_STANDARD = gnu99;
				GCC_DYNAMIC_NO_PIC = NO;
				GCC_OPTIMIZATION_LEVEL = 0;
				GCC_PREPROCESSOR_DEFINITIONS = (
					"DEBUG=1",
					"$(inherited)",
				);
				GCC_SYMBOLS_PRIVATE_EXTERN = NO;
				GCC_WARN_ABOUT_RETURN_TYPE = YES;
				GCC_WARN_UNINITIALIZED_AUTOS = YES;
				GCC_WARN_UNUSED_VARIABLE = YES;
				IPHONEOS_DEPLOYMENT_TARGET = 6.1;
				ONLY_ACTIVE_ARCH = YES;
				SDKROOT = iphoneos;
			};
			name = Debug;
		};
		FAFBD9FD16F7DAE40049D0C9 /* Release */ = {
			isa = XCBuildConfiguration;
			buildSettings = {
				ALWAYS_SEARCH_USER_PATHS = NO;
				CLANG_CXX_LANGUAGE_STANDARD = "gnu++0x";
				CLANG_CXX_LIBRARY = "libc++";
				CLANG_WARN_CONSTANT_CONVERSION = YES;
				CLANG_WARN_EMPTY_BODY = YES;
				CLANG_WARN_ENUM_CONVERSION = YES;
				CLANG_WARN_INT_CONVERSION = YES;
				CLANG_WARN__DUPLICATE_METHOD_MATCH = YES;
				"CODE_SIGN_IDENTITY[sdk=iphoneos*]" = "iPhone Developer";
				COPY_PHASE_STRIP = YES;
				GCC_C_LANGUAGE_STANDARD = gnu99;
				GCC_WARN_ABOUT_RETURN_TYPE = YES;
				GCC_WARN_UNINITIALIZED_AUTOS = YES;
				GCC_WARN_UNUSED_VARIABLE = YES;
				IPHONEOS_DEPLOYMENT_TARGET = 6.1;
				OTHER_CFLAGS = "-DNS_BLOCK_ASSERTIONS=1";
				SDKROOT = iphoneos;
				VALIDATE_PRODUCT = YES;
			};
			name = Release;
		};
		FAFBD9FF16F7DAE40049D0C9 /* Debug */ = {
			isa = XCBuildConfiguration;
			buildSettings = {
				GCC_PRECOMPILE_PREFIX_HEADER = YES;
				GCC_PREFIX_HEADER = "AOC2EventApp/AOC2EventApp-Prefix.pch";
				INFOPLIST_FILE = "AOC2EventApp/AOC2EventApp-Info.plist";
				PRODUCT_NAME = "$(TARGET_NAME)";
				WRAPPER_EXTENSION = app;
			};
			name = Debug;
		};
		FAFBDA0016F7DAE40049D0C9 /* Release */ = {
			isa = XCBuildConfiguration;
			buildSettings = {
				GCC_PRECOMPILE_PREFIX_HEADER = YES;
				GCC_PREFIX_HEADER = "AOC2EventApp/AOC2EventApp-Prefix.pch";
				INFOPLIST_FILE = "AOC2EventApp/AOC2EventApp-Info.plist";
				PRODUCT_NAME = "$(TARGET_NAME)";
				WRAPPER_EXTENSION = app;
			};
			name = Release;
		};
/* End XCBuildConfiguration section */

/* Begin XCConfigurationList section */
		FAFBD9D616F7DAE40049D0C9 /* Build configuration list for PBXProject "AOC2EventApp" */ = {
			isa = XCConfigurationList;
			buildConfigurations = (
				FAFBD9FC16F7DAE40049D0C9 /* Debug */,
				FAFBD9FD16F7DAE40049D0C9 /* Release */,
			);
			defaultConfigurationIsVisible = 0;
			defaultConfigurationName = Release;
		};
		FAFBD9FE16F7DAE40049D0C9 /* Build configuration list for PBXNativeTarget "AOC2EventApp" */ = {
			isa = XCConfigurationList;
			buildConfigurations = (
				FAFBD9FF16F7DAE40049D0C9 /* Debug */,
				FAFBDA0016F7DAE40049D0C9 /* Release */,
			);
			defaultConfigurationIsVisible = 0;
		};
/* End XCConfigurationList section */
	};
	rootObject = FAFBD9D316F7DAE40049D0C9 /* Project object */;
}
